
Microsoft Visual Studio Solution File, Format Version 12.00
# Visual Studio 15
VisualStudioVersion = 15.0.27428.2037
MinimumVisualStudioVersion = 10.0.40219.1
Project("{FAE04EC0-301F-11D3-BF4B-00C04F79EFBC}") = "Test 2018", "Test 2018\Test 2018.csproj", "{40D6C871-DC23-498B-88DC-EB8347BAEAA0}"
EndProject
Global
	GlobalSection(SolutionConfigurationPlatforms) = preSolution
		Debug|Any CPU = Debug|Any CPU
		Release|Any CPU = Release|Any CPU
	EndGlobalSection
	GlobalSection(ProjectConfigurationPlatforms) = postSolution
		{40D6C871-DC23-498B-88DC-EB8347BAEAA0}.Debug|Any CPU.ActiveCfg = Debug|Any CPU
		{40D6C871-DC23-498B-88DC-EB8347BAEAA0}.Debug|Any CPU.Build.0 = Debug|Any CPU
		{40D6C871-DC23-498B-88DC-EB8347BAEAA0}.Release|Any CPU.ActiveCfg = Release|Any CPU
		{40D6C871-DC23-498B-88DC-EB8347BAEAA0}.Release|Any CPU.Build.0 = Release|Any CPU
	EndGlobalSection
	GlobalSection(SolutionProperties) = preSolution
		HideSolutionNode = FALSE
	EndGlobalSection
	GlobalSection(ExtensibilityGlobals) = postSolution
		SolutionGuid = {29AD3F89-ABD7-4778-A544-6A795EF30C61}
	EndGlobalSection
EndGlobal
